# Generated by pub
# See https://dart.dev/tools/pub/glossary#lockfile
packages:
  meta:
    dependency: transitive
    description:
      name: meta
      sha256: e3641ec5d63ebf0d9b41bd43201a66e3fc79a65db5f61fc181f04cd27aab950c
      url: "https://pub.dev"
    source: hosted
    version: "1.16.0"
  preact_signals:
    dependency: "direct main"
    description:
      name: preact_signals
      sha256: ad45313c86b2228536a16d3dfc86da8263705d4acb4136c42907378de6910d8c
      url: "https://pub.dev"
    source: hosted
    version: "1.9.4"
  reactivity_benchmark:
    dependency: "direct main"
    description:
      path: "../.."
      relative: true
    source: path
    version: "0.0.1"
sdks:
  dart: ">=3.6.0 <4.0.0"
